
Microsoft Visual Studio Solution File, Format Version 12.00
# Visual Studio Version 16
VisualStudioVersion = 16.0.31229.75
MinimumVisualStudioVersion = 10.0.40219.1
Project("{FAE04EC0-301F-11D3-BF4B-00C04F79EFBC}") = "MinesAutomated", "MinesAutomated\MinesAutomated.csproj", "{DD16F6CA-5332-4CFA-A220-E624588FC078}"
EndProject
Global
	GlobalSection(SolutionConfigurationPlatforms) = preSolution
		Debug|Any CPU = Debug|Any CPU
		Release|Any CPU = Release|Any CPU
	EndGlobalSection
	GlobalSection(ProjectConfigurationPlatforms) = postSolution
		{DD16F6CA-5332-4CFA-A220-E624588FC078}.Debug|Any CPU.ActiveCfg = Debug|Any CPU
		{DD16F6CA-5332-4CFA-A220-E624588FC078}.Debug|Any CPU.Build.0 = Debug|Any CPU
		{DD16F6CA-5332-4CFA-A220-E624588FC078}.Release|Any CPU.ActiveCfg = Release|Any CPU
		{DD16F6CA-5332-4CFA-A220-E624588FC078}.Release|Any CPU.Build.0 = Release|Any CPU
	EndGlobalSection
	GlobalSection(SolutionProperties) = preSolution
		HideSolutionNode = FALSE
	EndGlobalSection
	GlobalSection(ExtensibilityGlobals) = postSolution
		SolutionGuid = {F7B951BD-C065-4163-A4EF-8C34E1A75B9C}
	EndGlobalSection
EndGlobal
